
Microsoft Visual Studio Solution File, Format Version 12.00
# Visual Studio Version 16
VisualStudioVersion = 16.0.30907.101
MinimumVisualStudioVersion = 10.0.40219.1
Project("{FAE04EC0-301F-11D3-BF4B-00C04F79EFBC}") = "QuickKebab", "QuickKebab\QuickKebab.csproj", "{D64748A1-534F-4901-90E2-F6C1CFD0B432}"
EndProject
Global
	GlobalSection(SolutionConfigurationPlatforms) = preSolution
		Debug|Any CPU = Debug|Any CPU
		Release|Any CPU = Release|Any CPU
	EndGlobalSection
	GlobalSection(ProjectConfigurationPlatforms) = postSolution
		{D64748A1-534F-4901-90E2-F6C1CFD0B432}.Debug|Any CPU.ActiveCfg = Debug|Any CPU
		{D64748A1-534F-4901-90E2-F6C1CFD0B432}.Debug|Any CPU.Build.0 = Debug|Any CPU
		{D64748A1-534F-4901-90E2-F6C1CFD0B432}.Release|Any CPU.ActiveCfg = Release|Any CPU
		{D64748A1-534F-4901-90E2-F6C1CFD0B432}.Release|Any CPU.Build.0 = Release|Any CPU
	EndGlobalSection
	GlobalSection(SolutionProperties) = preSolution
		HideSolutionNode = FALSE
	EndGlobalSection
	GlobalSection(ExtensibilityGlobals) = postSolution
		SolutionGuid = {17DA6F87-2FCD-4035-A6D2-562631D8654D}
	EndGlobalSection
EndGlobal
